
Microsoft Visual Studio Solution File, Format Version 12.00
# Visual Studio Version 17
VisualStudioVersion = 17.13.35825.156
MinimumVisualStudioVersion = 10.0.40219.1
Project("{FAE04EC0-301F-11D3-BF4B-00C04F79EFBC}") = "PhotoStudioApp", "PhotoStudioApp.csproj", "{94803B99-DFAB-43A5-A1A5-A2E29A975DFE}"
EndProject
Project("{FAE04EC0-301F-11D3-BF4B-00C04F79EFBC}") = "PhotoStudio_Server", "..\PhotoStudio_Server\PhotoStudio_Server.csproj", "{3DFFE515-2DA5-4FC2-A95F-DD8714D57CF2}"
EndProject
Global
	GlobalSection(SolutionConfigurationPlatforms) = preSolution
		Debug|Any CPU = Debug|Any CPU
		Release|Any CPU = Release|Any CPU
	EndGlobalSection
	GlobalSection(ProjectConfigurationPlatforms) = postSolution
		{94803B99-DFAB-43A5-A1A5-A2E29A975DFE}.Debug|Any CPU.ActiveCfg = Debug|Any CPU
		{94803B99-DFAB-43A5-A1A5-A2E29A975DFE}.Debug|Any CPU.Build.0 = Debug|Any CPU
		{94803B99-DFAB-43A5-A1A5-A2E29A975DFE}.Release|Any CPU.ActiveCfg = Release|Any CPU
		{94803B99-DFAB-43A5-A1A5-A2E29A975DFE}.Release|Any CPU.Build.0 = Release|Any CPU
		{3DFFE515-2DA5-4FC2-A95F-DD8714D57CF2}.Debug|Any CPU.ActiveCfg = Debug|Any CPU
		{3DFFE515-2DA5-4FC2-A95F-DD8714D57CF2}.Debug|Any CPU.Build.0 = Debug|Any CPU
		{3DFFE515-2DA5-4FC2-A95F-DD8714D57CF2}.Release|Any CPU.ActiveCfg = Release|Any CPU
		{3DFFE515-2DA5-4FC2-A95F-DD8714D57CF2}.Release|Any CPU.Build.0 = Release|Any CPU
	EndGlobalSection
	GlobalSection(SolutionProperties) = preSolution
		HideSolutionNode = FALSE
	EndGlobalSection
	GlobalSection(ExtensibilityGlobals) = postSolution
		SolutionGuid = {287EC99A-2979-4D77-AA3B-439EE34972A0}
	EndGlobalSection
EndGlobal
